
Microsoft Visual Studio Solution File, Format Version 12.00
# Visual Studio 15
VisualStudioVersion = 15.0.26430.13
MinimumVisualStudioVersion = 10.0.40219.1
Project("{FAE04EC0-301F-11D3-BF4B-00C04F79EFBC}") = "TfsApiBatchImport", "TfsApiBatchImport\TfsApiBatchImport.csproj", "{72780C30-667B-49AB-9308-5E8A4C7CEC31}"
EndProject
Global
	GlobalSection(SolutionConfigurationPlatforms) = preSolution
		Debug|Any CPU = Debug|Any CPU
		Release|Any CPU = Release|Any CPU
	EndGlobalSection
	GlobalSection(ProjectConfigurationPlatforms) = postSolution
		{72780C30-667B-49AB-9308-5E8A4C7CEC31}.Debug|Any CPU.ActiveCfg = Debug|Any CPU
		{72780C30-667B-49AB-9308-5E8A4C7CEC31}.Debug|Any CPU.Build.0 = Debug|Any CPU
		{72780C30-667B-49AB-9308-5E8A4C7CEC31}.Release|Any CPU.ActiveCfg = Release|Any CPU
		{72780C30-667B-49AB-9308-5E8A4C7CEC31}.Release|Any CPU.Build.0 = Release|Any CPU
	EndGlobalSection
	GlobalSection(SolutionProperties) = preSolution
		HideSolutionNode = FALSE
	EndGlobalSection
EndGlobal
